Microsoft Visual Studio Solution File, Format Version 12.00
# Visual Studio Version 16
VisualStudioVersion = 16.0.29409.12
MinimumVisualStudioVersion = 10.0.40219.1
Project("{9A19103F-16F7-4668-BE54-9A1E7A4F7556}") = "1812", "1812\1812.csproj", "{AAC3FE15-7A00-43CE-B178-F4D7C6F3837D}"
EndProject
Project("{FAE04EC0-301F-11D3-BF4B-00C04F79EFBC}") = "1812Test", "1812Test\1812Test.csproj", "{09D4A122-3A8D-4D5C-8BF4-0B64D77EDFC4}"
EndProject
Global
	GlobalSection(SolutionConfigurationPlatforms) = preSolution
		Debug|Any CPU = Debug|Any CPU
		Release|Any CPU = Release|Any CPU
	EndGlobalSection
	GlobalSection(ProjectConfigurationPlatforms) = postSolution
		{AAC3FE15-7A00-43CE-B178-F4D7C6F3837D}.Debug|Any CPU.ActiveCfg = Debug|Any CPU
		{AAC3FE15-7A00-43CE-B178-F4D7C6F3837D}.Debug|Any CPU.Build.0 = Debug|Any CPU
		{AAC3FE15-7A00-43CE-B178-F4D7C6F3837D}.Release|Any CPU.ActiveCfg = Release|Any CPU
		{AAC3FE15-7A00-43CE-B178-F4D7C6F3837D}.Release|Any CPU.Build.0 = Release|Any CPU
		{09D4A122-3A8D-4D5C-8BF4-0B64D77EDFC4}.Debug|Any CPU.ActiveCfg = Debug|Any CPU
		{09D4A122-3A8D-4D5C-8BF4-0B64D77EDFC4}.Debug|Any CPU.Build.0 = Debug|Any CPU
		{09D4A122-3A8D-4D5C-8BF4-0B64D77EDFC4}.Release|Any CPU.ActiveCfg = Release|Any CPU
		{09D4A122-3A8D-4D5C-8BF4-0B64D77EDFC4}.Release|Any CPU.Build.0 = Release|Any CPU
	EndGlobalSection
	GlobalSection(SolutionProperties) = preSolution
		HideSolutionNode = FALSE
	EndGlobalSection
	GlobalSection(ExtensibilityGlobals) = postSolution
		SolutionGuid = {2EF9FAE3-1462-4589-880A-527EDDD9FD94}
	EndGlobalSection
EndGlobal
